{
  "version": 4,
  "terraform_version": "0.12.9",
  "serial": 16,
  "lineage": "9da1665a-bcdc-5a58-36a1-9b1d7c6ca67c",
  "outputs": {},
  "resources": [
    {
      "mode": "managed",
      "type": "google_container_cluster",
      "name": "spez-tailer-cluster",
      "provider": "provider.google",
      "instances": [
        {
          "schema_version": 1,
          "attributes": {
            "additional_zones": [],
            "addons_config": [
              {
                "horizontal_pod_autoscaling": [],
                "http_load_balancing": [],
                "kubernetes_dashboard": [],
                "network_policy_config": [
                  {
                    "disabled": true
                  }
                ]
              }
            ],
            "authenticator_groups_config": [],
            "cluster_autoscaling": [
              {
                "auto_provisioning_defaults": [],
                "enabled": false,
                "resource_limits": []
              }
            ],
            "cluster_ipv4_cidr": "10.32.0.0/14",
            "default_max_pods_per_node": 110,
            "description": "",
            "enable_binary_authorization": false,
            "enable_intranode_visibility": null,
            "enable_kubernetes_alpha": false,
            "enable_legacy_abac": false,
            "enable_tpu": null,
            "endpoint": "35.239.255.25",
            "id": "projects/ryanprice/locations/us-central1/clusters/spez-tailer-cluster",
            "initial_node_count": 1,
            "instance_group_urls": [
              "https://www.googleapis.com/compute/v1/projects/ryanprice/zones/us-central1-c/instanceGroups/gke-spez-tailer-cluster-default-pool-a5de82df-grp",
              "https://www.googleapis.com/compute/v1/projects/ryanprice/zones/us-central1-f/instanceGroups/gke-spez-tailer-cluster-default-pool-b9721137-grp",
              "https://www.googleapis.com/compute/v1/projects/ryanprice/zones/us-central1-b/instanceGroups/gke-spez-tailer-cluster-default-pool-a865c194-grp"
            ],
            "ip_allocation_policy": [],
            "location": "us-central1",
            "logging_service": "logging.googleapis.com/kubernetes",
            "maintenance_policy": [],
            "master_auth": [
              {
                "client_certificate": "",
                "client_certificate_config": [
                  {
                    "issue_client_certificate": false
                  }
                ],
                "client_key": "",
                "cluster_ca_certificate": "LS0tLS1CRUdJTiBDRVJUSUZJQ0FURS0tLS0tCk1JSURDekNDQWZPZ0F3SUJBZ0lRT3l6YkZITEs0NlN1UnlJbEx5ZzJQekFOQmdrcWhraUc5dzBCQVFzRkFEQXYKTVMwd0t3WURWUVFERXlSaE1XRXlPVGsxWXkwMU5HWmxMVFF3WW1RdFltSXlNeTB3WmpVd1ptVTBNVEEyTnpndwpIaGNOTWpBd01qRXpNakF3TnpBd1doY05NalV3TWpFeE1qRXdOekF3V2pBdk1TMHdLd1lEVlFRREV5UmhNV0V5Ck9UazFZeTAxTkdabExUUXdZbVF0WW1JeU15MHdaalV3Wm1VME1UQTJOemd3Z2dFaU1BMEdDU3FHU0liM0RRRUIKQVFVQUE0SUJEd0F3Z2dFS0FvSUJBUURGKzJvV3FCdGIyUlQrQjVKUUJqanVBNGZmYkFRYVlUcm14RVd0bWVUSgpCWUZ4aC9YQ2hXazVGQ1A2NlhTS0pqdEZGRERTeElRalR4dmhlV0F6dFVSaTVTRWRFOVYwcDlGSFFvVWRxN3BDCjd5WE9BY3hocHM0NFBTUExlZ2x4ZmVKQ09zNWVKMjZXMGhjbGNNVmdoVzdnVTZoZmNlU2FhdTl5Uzc3SGxqK3MKUVRueWxWbDNzVUpFSm9McVNxdFI2OTIydlAxVk1zS3lGYXRJVzcxNXIvNnZya2k5QXRuOUlmZnRnY3RkVDBDYgprY3VXL2ZRUS9UR3QrZCtZa0pCYnhiMnUyNlZaRGNFbHN2TFZ2cUdIMG1zWElvWkwvMTBvOFhGSVNjaHpnNXFJClFuTTlsTXc3S0ZQeXpRVjkxb2dLUWxIL1NKaXVyRFRaYS9LQ25QVnFPS1E1QWdNQkFBR2pJekFoTUE0R0ExVWQKRHdFQi93UUVBd0lDQkRBUEJnTlZIUk1CQWY4RUJUQURBUUgvTUEwR0NTcUdTSWIzRFFFQkN3VUFBNElCQVFCSQpvTUF1QzNRN1VvREJ0NWZia2Y0WXhxYlB3eFV5aFo5eXpYQ3dKSnBrOHAwVnh0YmlMem1kVDZka1N2QWlNVldoCnlHanJ0TGtzaHIzVTdDanhBejVTcXhDV05VOUV5bHdaNFM3K09WWGNwa3hGenI3SHJFVWkxSnROc2ExSVBhcW8KTXZOMDQ4NXRPRTlQbGJYVExhQTZpVmtJcnp1eElzeEt5OUFqdzN4S21PWTMyVGJKMC9aYUZENU0vMW1xS2dRTwoxdW9BeHEvWXdiU1Y4SEt1OUl2K1hjNVdqWEFvSktuYVNvbUxaN0VUYkJjZXFvREF3elF6Yk9zeFNKU0VIU1pJClRIZnpCS2FnOWxZNGdPMDVTemt0S2w1ZG0vaWFNVDlEZTFYVWRCbStJNTQ3ZjY2Qzk4WTIzL2RSM1M3bmlkSjIKUTdBY1I4NmhlQXBtamxhSHdqdUoKLS0tLS1FTkQgQ0VSVElGSUNBVEUtLS0tLQo=",
                "password": "",
                "username": ""
              }
            ],
            "master_authorized_networks_config": [],
            "master_version": "1.13.11-gke.23",
            "min_master_version": null,
            "monitoring_service": "monitoring.googleapis.com/kubernetes",
            "name": "spez-tailer-cluster",
            "network": "projects/ryanprice/global/networks/default",
            "network_policy": [
              {
                "enabled": false,
                "provider": "PROVIDER_UNSPECIFIED"
              }
            ],
            "node_config": [
              {
                "disk_size_gb": 100,
                "disk_type": "pd-standard",
                "guest_accelerator": [],
                "image_type": "COS",
                "labels": {},
                "local_ssd_count": 0,
                "machine_type": "n1-standard-1",
                "metadata": {
                  "disable-legacy-endpoints": "true"
                },
                "min_cpu_platform": "",
                "oauth_scopes": [
                  "https://www.googleapis.com/auth/logging.write",
                  "https://www.googleapis.com/auth/monitoring"
                ],
                "preemptible": false,
                "sandbox_config": [],
                "service_account": "default",
                "shielded_instance_config": [
                  {
                    "enable_integrity_monitoring": true,
                    "enable_secure_boot": false
                  }
                ],
                "tags": [],
                "taint": [],
                "workload_metadata_config": []
              }
            ],
            "node_locations": [
              "us-central1-b",
              "us-central1-c",
              "us-central1-f"
            ],
            "node_pool": [
              {
                "autoscaling": [],
                "initial_node_count": 1,
                "instance_group_urls": [
                  "https://www.googleapis.com/compute/v1/projects/ryanprice/zones/us-central1-c/instanceGroupManagers/gke-spez-tailer-cluster-default-pool-a5de82df-grp",
                  "https://www.googleapis.com/compute/v1/projects/ryanprice/zones/us-central1-f/instanceGroupManagers/gke-spez-tailer-cluster-default-pool-b9721137-grp",
                  "https://www.googleapis.com/compute/v1/projects/ryanprice/zones/us-central1-b/instanceGroupManagers/gke-spez-tailer-cluster-default-pool-a865c194-grp"
                ],
                "management": [
                  {
                    "auto_repair": false,
                    "auto_upgrade": true
                  }
                ],
                "max_pods_per_node": 0,
                "name": "default-pool",
                "name_prefix": "",
                "node_config": [
                  {
                    "disk_size_gb": 100,
                    "disk_type": "pd-standard",
                    "guest_accelerator": [],
                    "image_type": "COS",
                    "labels": {},
                    "local_ssd_count": 0,
                    "machine_type": "n1-standard-1",
                    "metadata": {
                      "disable-legacy-endpoints": "true"
                    },
                    "min_cpu_platform": "",
                    "oauth_scopes": [
                      "https://www.googleapis.com/auth/logging.write",
                      "https://www.googleapis.com/auth/monitoring"
                    ],
                    "preemptible": false,
                    "sandbox_config": [],
                    "service_account": "default",
                    "shielded_instance_config": [
                      {
                        "enable_integrity_monitoring": true,
                        "enable_secure_boot": false
                      }
                    ],
                    "tags": [],
                    "taint": [],
                    "workload_metadata_config": []
                  }
                ],
                "node_count": 1,
                "version": "1.13.11-gke.23"
              }
            ],
            "node_version": "1.13.11-gke.23",
            "operation": null,
            "pod_security_policy_config": [],
            "private_cluster_config": [],
            "project": "ryanprice",
            "region": null,
            "remove_default_node_pool": null,
            "resource_labels": {},
            "services_ipv4_cidr": "10.35.240.0/20",
            "subnetwork": "projects/ryanprice/regions/us-central1/subnetworks/default",
            "timeouts": null,
            "vertical_pod_autoscaling": [],
            "zone": null
          },
          "private": "eyJlMmJmYjczMC1lY2FhLTExZTYtOGY4OC0zNDM2M2JjN2M0YzAiOnsiY3JlYXRlIjoyNDAwMDAwMDAwMDAwLCJkZWxldGUiOjI0MDAwMDAwMDAwMDAsInVwZGF0ZSI6MzYwMDAwMDAwMDAwMH0sInNjaGVtYV92ZXJzaW9uIjoiMSJ9"
        }
      ]
    },
    {
      "mode": "managed",
      "type": "google_pubsub_topic",
      "name": "spez-ledger-topic",
      "provider": "provider.google",
      "instances": [
        {
          "schema_version": 0,
          "attributes": {
            "id": "projects/ryanprice/topics/spez-ledger-topic",
            "kms_key_name": "",
            "labels": {},
            "message_storage_policy": [
              {
                "allowed_persistence_regions": [
                  "us-central1"
                ]
              }
            ],
            "name": "spez-ledger-topic",
            "project": "ryanprice",
            "timeouts": null
          },
          "private": "eyJlMmJmYjczMC1lY2FhLTExZTYtOGY4OC0zNDM2M2JjN2M0YzAiOnsiY3JlYXRlIjoyNDAwMDAwMDAwMDAsImRlbGV0ZSI6MjQwMDAwMDAwMDAwLCJ1cGRhdGUiOjI0MDAwMDAwMDAwMH19"
        }
      ]
    },
    {
      "mode": "managed",
      "type": "google_spanner_database",
      "name": "spez-lpts-database",
      "provider": "provider.google",
      "instances": [
        {
          "schema_version": 0,
          "attributes": {
            "ddl": [
              "CREATE TABLE lpts (Id INT64 NOT NULL, CommitTimestamp TIMESTAMP NOT NULL OPTIONS (allow_commit_timestamp=true), LastProcessedTimestamp STRING(128) NOT NULL) PRIMARY KEY (Id)"
            ],
            "id": "spez-lpts-instance/spez-lpts-database",
            "instance": "spez-lpts-instance",
            "name": "spez-lpts-database",
            "project": "ryanprice",
            "state": "READY",
            "timeouts": null
          },
          "private": "eyJlMmJmYjczMC1lY2FhLTExZTYtOGY4OC0zNDM2M2JjN2M0YzAiOnsiY3JlYXRlIjoyNDAwMDAwMDAwMDAsImRlbGV0ZSI6MjQwMDAwMDAwMDAwfX0=",
          "depends_on": [
            "google_spanner_instance.spez-lpts-instance"
          ]
        }
      ]
    },
    {
      "mode": "managed",
      "type": "google_spanner_instance",
      "name": "spez-lpts-instance",
      "provider": "provider.google",
      "instances": [
        {
          "schema_version": 0,
          "attributes": {
            "config": "projects/ryanprice/instanceConfigs/regional-us-central1",
            "display_name": "spez-lpts-instance",
            "id": "ryanprice/spez-lpts-instance",
            "labels": null,
            "name": "spez-lpts-instance",
            "num_nodes": 1,
            "project": "ryanprice",
            "state": "READY",
            "timeouts": null
          },
          "private": "eyJlMmJmYjczMC1lY2FhLTExZTYtOGY4OC0zNDM2M2JjN2M0YzAiOnsiY3JlYXRlIjoyNDAwMDAwMDAwMDAsImRlbGV0ZSI6MjQwMDAwMDAwMDAwLCJ1cGRhdGUiOjI0MDAwMDAwMDAwMH19"
        }
      ]
    }
  ]
}
